// !$*UTF8*$!
{
	archiveVersion = 1;
	classes = {
	};
	objectVersion = 46;
	objects = {

/* Begin PBXBuildFile section */
		844BB5701D88FFD300070669 /* SocialHelper.swift in Sources */ = {isa = PBXBuildFile; fileRef = 844BB56F1D88FFD300070669 /* SocialHelper.swift */; };
		84D435981D880D6E009D86C2 /* AppDelegate.swift in Sources */ = {isa = PBXBuildFile; fileRef = 84D435971D880D6E009D86C2 /* AppDelegate.swift */; };
		84D4359A1D880D6E009D86C2 /* ViewController.swift in Sources */ = {isa = PBXBuildFile; fileRef = 84D435991D880D6E009D86C2 /* ViewController.swift */; };
		84D4359D1D880D6E009D86C2 /* Main.storyboard in Resources */ = {isa = PBXBuildFile; fileRef = 84D4359B1D880D6E009D86C2 /* Main.storyboard */; };
		84D4359F1D880D6E009D86C2 /* Assets.xcassets in Resources */ = {isa = PBXBuildFile; fileRef = 84D4359E1D880D6E009D86C2 /* Assets.xcassets */; };
		84D435A21D880D6E009D86C2 /* LaunchScreen.storyboard in Resources */ = {isa = PBXBuildFile; fileRef = 84D435A01D880D6E009D86C2 /* LaunchScreen.storyboard */; };
		84D435AA1D880D84009D86C2 /* Social.framework in Frameworks */ = {isa = PBXBuildFile; fileRef = 84D435A91D880D84009D86C2 /* Social.framework */; };
/* End PBXBuildFile section */

/* Begin PBXFileReference section */
		844BB56F1D88FFD300070669 /* SocialHelper.swift */ = {isa = PBXFileReference; fileEncoding = 4; lastKnownFileType = sourcecode.swift; path = SocialHelper.swift; sourceTree = "<group>"; };
		84D435941D880D6D009D86C2 /* SocialSharing.app */ = {isa = PBXFileReference; explicitFileType = wrapper.application; includeInIndex = 0; path = SocialSharing.app; sourceTree = BUILT_PRODUCTS_DIR; };
		84D435971D880D6E009D86C2 /* AppDelegate.swift */ = {isa = PBXFileReference; lastKnownFileType = sourcecode.swift; path = AppDelegate.swift; sourceTree = "<group>"; };
		84D435991D880D6E009D86C2 /* ViewController.swift */ = {isa = PBXFileReference; lastKnownFileType = sourcecode.swift; path = ViewController.swift; sourceTree = "<group>"; };
		84D4359C1D880D6E009D86C2 /* Base */ = {isa = PBXFileReference; lastKnownFileType = file.storyboard; name = Base; path = Base.lproj/Main.storyboard; sourceTree = "<group>"; };
		84D4359E1D880D6E009D86C2 /* Assets.xcassets */ = {isa = PBXFileReference; lastKnownFileType = folder.assetcatalog; path = Assets.xcassets; sourceTree = "<group>"; };
		84D435A11D880D6E009D86C2 /* Base */ = {isa = PBXFileReference; lastKnownFileType = file.storyboard; name = Base; path = Base.lproj/LaunchScreen.storyboard; sourceTree = "<group>"; };
		84D435A31D880D6E009D86C2 /* Info.plist */ = {isa = PBXFileReference; lastKnownFileType = text.plist.xml; path = Info.plist; sourceTree = "<group>"; };
		84D435A91D880D84009D86C2 /* Social.framework */ = {isa = PBXFileReference; lastKnownFileType = wrapper.framework; name = Social.framework; path = System/Library/Frameworks/Social.framework; sourceTree = SDKROOT; };
/* End PBXFileReference section */

/* Begin PBXFrameworksBuildPhase section */
		84D435911D880D6D009D86C2 /* Frameworks */ = {
			isa = PBXFrameworksBuildPhase;
			buildActionMask = 2147483647;
			files = (
				84D435AA1D880D84009D86C2 /* Social.framework in Frameworks */,
			);
			runOnlyForDeploymentPostprocessing = 0;
		};
/* End PBXFrameworksBuildPhase section */

/* Begin PBXGroup section */
		84D4358B1D880D6D009D86C2 = {
			isa = PBXGroup;
			children = (
				84D435A91D880D84009D86C2 /* Social.framework */,
				84D435961D880D6E009D86C2 /* SocialSharing */,
				84D435951D880D6D009D86C2 /* Products */,
			);
			sourceTree = "<group>";
		};
		84D435951D880D6D009D86C2 /* Products */ = {
			isa = PBXGroup;
			children = (
				84D435941D880D6D009D86C2 /* SocialSharing.app */,
			);
			name = Products;
			sourceTree = "<group>";
		};
		84D435961D880D6E009D86C2 /* SocialSharing */ = {
			isa = PBXGroup;
			children = (
				84D435971D880D6E009D86C2 /* AppDelegate.swift */,
				84D435991D880D6E009D86C2 /* ViewController.swift */,
				84D4359B1D880D6E009D86C2 /* Main.storyboard */,
				84D4359E1D880D6E009D86C2 /* Assets.xcassets */,
				84D435A01D880D6E009D86C2 /* LaunchScreen.storyboard */,
				84D435A31D880D6E009D86C2 /* Info.plist */,
				844BB56F1D88FFD300070669 /* SocialHelper.swift */,
			);
			path = SocialSharing;
			sourceTree = "<group>";
		};
/* End PBXGroup section */

/* Begin PBXNativeTarget section */
		84D435931D880D6D009D86C2 /* SocialSharing */ = {
			isa = PBXNativeTarget;
			buildConfigurationList = 84D435A61D880D6E009D86C2 /* Build configuration list for PBXNativeTarget "SocialSharing" */;
			buildPhases = (
				84D435901D880D6D009D86C2 /* Sources */,
				84D435911D880D6D009D86C2 /* Frameworks */,
				84D435921D880D6D009D86C2 /* Resources */,
			);
			buildRules = (
			);
			dependencies = (
			);
			name = SocialSharing;
			productName = SocialSharing;
			productReference = 84D435941D880D6D009D86C2 /* SocialSharing.app */;
			productType = "com.apple.product-type.application";
		};
/* End PBXNativeTarget section */

/* Begin PBXProject section */
		84D4358C1D880D6D009D86C2 /* Project object */ = {
			isa = PBXProject;
			attributes = {
				LastSwiftUpdateCheck = 0730;
				LastUpgradeCheck = 0730;
				ORGANIZATIONNAME = Admin;
				TargetAttributes = {
					84D435931D880D6D009D86C2 = {
						CreatedOnToolsVersion = 7.3;
					};
				};
			};
			buildConfigurationList = 84D4358F1D880D6D009D86C2 /* Build configuration list for PBXProject "SocialSharing" */;
			compatibilityVersion = "Xcode 3.2";
			developmentRegion = English;
			hasScannedForEncodings = 0;
			knownRegions = (
				en,
				Base,
			);
			mainGroup = 84D4358B1D880D6D009D86C2;
			productRefGroup = 84D435951D880D6D009D86C2 /* Products */;
			projectDirPath = "";
			projectRoot = "";
			targets = (
				84D435931D880D6D009D86C2 /* SocialSharing */,
			);
		};
/* End PBXProject section */

/* Begin PBXResourcesBuildPhase section */
		84D435921D880D6D009D86C2 /* Resources */ = {
			isa = PBXResourcesBuildPhase;
			buildActionMask = 2147483647;
			files = (
				84D435A21D880D6E009D86C2 /* LaunchScreen.storyboard in Resources */,
				84D4359F1D880D6E009D86C2 /* Assets.xcassets in Resources */,
				84D4359D1D880D6E009D86C2 /* Main.storyboard in Resources */,
			);
			runOnlyForDeploymentPostprocessing = 0;
		};
/* End PBXResourcesBuildPhase section */

/* Begin PBXSourcesBuildPhase section */
		84D435901D880D6D009D86C2 /* Sources */ = {
			isa = PBXSourcesBuildPhase;
			buildActionMask = 2147483647;
			files = (
				844BB5701D88FFD300070669 /* SocialHelper.swift in Sources */,
				84D4359A1D880D6E009D86C2 /* ViewController.swift in Sources */,
				84D435981D880D6E009D86C2 /* AppDelegate.swift in Sources */,
			);
			runOnlyForDeploymentPostprocessing = 0;
		};
/* End PBXSourcesBuildPhase section */

/* Begin PBXVariantGroup section */
		84D4359B1D880D6E009D86C2 /* Main.storyboard */ = {
			isa = PBXVariantGroup;
			children = (
				84D4359C1D880D6E009D86C2 /* Base */,
			);
			name = Main.storyboard;
			sourceTree = "<group>";
		};
		84D435A01D880D6E009D86C2 /* LaunchScreen.storyboard */ = {
			isa = PBXVariantGroup;
			children = (
				84D435A11D880D6E009D86C2 /* Base */,
			);
			name = LaunchScreen.storyboard;
			sourceTree = "<group>";
		};
/* End PBXVariantGroup section */

/* Begin XCBuildConfiguration section */
		84D435A41D880D6E009D86C2 /* Debug */ = {
			isa = XCBuildConfiguration;
			buildSettings = {
				ALWAYS_SEARCH_USER_PATHS = NO;
				CLANG_ANALYZER_NONNULL = YES;
				CLANG_CXX_LANGUAGE_STANDARD = "gnu++0x";
				CLANG_CXX_LIBRARY = "libc++";
				CLANG_ENABLE_MODULES = YES;
				CLANG_ENABLE_OBJC_ARC = YES;
				CLANG_WARN_BOOL_CONVERSION = YES;
				CLANG_WARN_CONSTANT_CONVERSION = YES;
				CLANG_WARN_DIRECT_OBJC_ISA_USAGE = YES_ERROR;
				CLANG_WARN_EMPTY_BODY = YES;
				CLANG_WARN_ENUM_CONVERSION = YES;
				CLANG_WARN_INT_CONVERSION = YES;
				CLANG_WARN_OBJC_ROOT_CLASS = YES_ERROR;
				CLANG_WARN_UNREACHABLE_CODE = YES;
				CLANG_WARN__DUPLICATE_METHOD_MATCH = YES;
				"CODE_SIGN_IDENTITY[sdk=iphoneos*]" = "iPhone Developer";
				COPY_PHASE_STRIP = NO;
				DEBUG_INFORMATION_FORMAT = dwarf;
				ENABLE_STRICT_OBJC_MSGSEND = YES;
				ENABLE_TESTABILITY = YES;
				GCC_C_LANGUAGE_STANDARD = gnu99;
				GCC_DYNAMIC_NO_PIC = NO;
				GCC_NO_COMMON_BLOCKS = YES;
				GCC_OPTIMIZATION_LEVEL = 0;
				GCC_PREPROCESSOR_DEFINITIONS = (
					"DEBUG=1",
					"$(inherited)",
				);
				GCC_WARN_64_TO_32_BIT_CONVERSION = YES;
				GCC_WARN_ABOUT_RETURN_TYPE = YES_ERROR;
				GCC_WARN_UNDECLARED_SELECTOR = YES;
				GCC_WARN_UNINITIALIZED_AUTOS = YES_AGGRESSIVE;
				GCC_WARN_UNUSED_FUNCTION = YES;
				GCC_WARN_UNUSED_VARIABLE = YES;
				IPHONEOS_DEPLOYMENT_TARGET = 9.3;
				MTL_ENABLE_DEBUG_INFO = YES;
				ONLY_ACTIVE_ARCH = YES;
				SDKROOT = iphoneos;
				SWIFT_OPTIMIZATION_LEVEL = "-Onone";
			};
			name = Debug;
		};
		84D435A51D880D6E009D86C2 /* Release */ = {
			isa = XCBuildConfiguration;
			buildSettings = {
				ALWAYS_SEARCH_USER_PATHS = NO;
				CLANG_ANALYZER_NONNULL = YES;
				CLANG_CXX_LANGUAGE_STANDARD = "gnu++0x";
				CLANG_CXX_LIBRARY = "libc++";
				CLANG_ENABLE_MODULES = YES;
				CLANG_ENABLE_OBJC_ARC = YES;
				CLANG_WARN_BOOL_CONVERSION = YES;
				CLANG_WARN_CONSTANT_CONVERSION = YES;
				CLANG_WARN_DIRECT_OBJC_ISA_USAGE = YES_ERROR;
				CLANG_WARN_EMPTY_BODY = YES;
				CLANG_WARN_ENUM_CONVERSION = YES;
				CLANG_WARN_INT_CONVERSION = YES;
				CLANG_WARN_OBJC_ROOT_CLASS = YES_ERROR;
				CLANG_WARN_UNREACHABLE_CODE = YES;
				CLANG_WARN__DUPLICATE_METHOD_MATCH = YES;
				"CODE_SIGN_IDENTITY[sdk=iphoneos*]" = "iPhone Developer";
				COPY_PHASE_STRIP = NO;
				DEBUG_INFORMATION_FORMAT = "dwarf-with-dsym";
				ENABLE_NS_ASSERTIONS = NO;
				ENABLE_STRICT_OBJC_MSGSEND = YES;
				GCC_C_LANGUAGE_STANDARD = gnu99;
				GCC_NO_COMMON_BLOCKS = YES;
				GCC_WARN_64_TO_32_BIT_CONVERSION = YES;
				GCC_WARN_ABOUT_RETURN_TYPE = YES_ERROR;
				GCC_WARN_UNDECLARED_SELECTOR = YES;
				GCC_WARN_UNINITIALIZED_AUTOS = YES_AGGRESSIVE;
				GCC_WARN_UNUSED_FUNCTION = YES;
				GCC_WARN_UNUSED_VARIABLE = YES;
				IPHONEOS_DEPLOYMENT_TARGET = 9.3;
				MTL_ENABLE_DEBUG_INFO = NO;
				SDKROOT = iphoneos;
				VALIDATE_PRODUCT = YES;
			};
			name = Release;
		};
		84D435A71D880D6E009D86C2 /* Debug */ = {
			isa = XCBuildConfiguration;
			buildSettings = {
				ASSETCATALOG_COMPILER_APPICON_NAME = AppIcon;
				INFOPLIST_FILE = SocialSharing/Info.plist;
				LD_RUNPATH_SEARCH_PATHS = "$(inherited) @executable_path/Frameworks";
				PRODUCT_BUNDLE_IDENTIFIER = com.azharkova.SocialSharing;
				PRODUCT_NAME = "$(TARGET_NAME)";
			};
			name = Debug;
		};
		84D435A81D880D6E009D86C2 /* Release */ = {
			isa = XCBuildConfiguration;
			buildSettings = {
				ASSETCATALOG_COMPILER_APPICON_NAME = AppIcon;
				INFOPLIST_FILE = SocialSharing/Info.plist;
				LD_RUNPATH_SEARCH_PATHS = "$(inherited) @executable_path/Frameworks";
				PRODUCT_BUNDLE_IDENTIFIER = com.azharkova.SocialSharing;
				PRODUCT_NAME = "$(TARGET_NAME)";
			};
			name = Release;
		};
/* End XCBuildConfiguration section */

/* Begin XCConfigurationList section */
		84D4358F1D880D6D009D86C2 /* Build configuration list for PBXProject "SocialSharing" */ = {
			isa = XCConfigurationList;
			buildConfigurations = (
				84D435A41D880D6E009D86C2 /* Debug */,
				84D435A51D880D6E009D86C2 /* Release */,
			);
			defaultConfigurationIsVisible = 0;
			defaultConfigurationName = Release;
		};
		84D435A61D880D6E009D86C2 /* Build configuration list for PBXNativeTarget "SocialSharing" */ = {
			isa = XCConfigurationList;
			buildConfigurations = (
				84D435A71D880D6E009D86C2 /* Debug */,
				84D435A81D880D6E009D86C2 /* Release */,
			);
			defaultConfigurationIsVisible = 0;
			defaultConfigurationName = Release;
		};
/* End XCConfigurationList section */
	};
	rootObject = 84D4358C1D880D6D009D86C2 /* Project object */;
}
